
Microsoft Visual Studio Solution File, Format Version 12.00
# Visual Studio Version 16
VisualStudioVersion = 16.0.31624.102
MinimumVisualStudioVersion = 10.0.40219.1
Project("{FAE04EC0-301F-11D3-BF4B-00C04F79EFBC}") = "Tarteeb.Tasks.Core", "Tarteeb.Tasks.Core\Tarteeb.Tasks.Core.csproj", "{33E7B8BA-45AC-482C-8112-E22C13848D1F}"
EndProject
Global
	GlobalSection(SolutionConfigurationPlatforms) = preSolution
		Debug|Any CPU = Debug|Any CPU
		Release|Any CPU = Release|Any CPU
	EndGlobalSection
	GlobalSection(ProjectConfigurationPlatforms) = postSolution
		{33E7B8BA-45AC-482C-8112-E22C13848D1F}.Debug|Any CPU.ActiveCfg = Debug|Any CPU
		{33E7B8BA-45AC-482C-8112-E22C13848D1F}.Debug|Any CPU.Build.0 = Debug|Any CPU
		{33E7B8BA-45AC-482C-8112-E22C13848D1F}.Release|Any CPU.ActiveCfg = Release|Any CPU
		{33E7B8BA-45AC-482C-8112-E22C13848D1F}.Release|Any CPU.Build.0 = Release|Any CPU
	EndGlobalSection
	GlobalSection(SolutionProperties) = preSolution
		HideSolutionNode = FALSE
	EndGlobalSection
	GlobalSection(ExtensibilityGlobals) = postSolution
		SolutionGuid = {6C496A6A-C5AA-4E3F-BDAE-764A0FE56207}
	EndGlobalSection
EndGlobal
